
Microsoft Visual Studio Solution File, Format Version 12.00
# Visual Studio Version 17
VisualStudioVersion = 17.7.34031.279
MinimumVisualStudioVersion = 10.0.40219.1
Project("{FAE04EC0-301F-11D3-BF4B-00C04F79EFBC}") = "Car", "Car\Car.csproj", "{7602167C-B328-490D-B605-8F7CE517B38F}"
EndProject
Project("{FAE04EC0-301F-11D3-BF4B-00C04F79EFBC}") = "Car Extension", "Car Extension\Car Extension.csproj", "{C5AB538F-681D-4D32-A5C2-D64708DDFCBF}"
EndProject
Project("{FAE04EC0-301F-11D3-BF4B-00C04F79EFBC}") = "Car Constructors", "Car Constructors\Car Constructors.csproj", "{8B8B3F7A-564C-4069-9538-8D414DBDB426}"
EndProject
Global
	GlobalSection(SolutionConfigurationPlatforms) = preSolution
		Debug|Any CPU = Debug|Any CPU
		Release|Any CPU = Release|Any CPU
	EndGlobalSection
	GlobalSection(ProjectConfigurationPlatforms) = postSolution
		{7602167C-B328-490D-B605-8F7CE517B38F}.Debug|Any CPU.ActiveCfg = Debug|Any CPU
		{7602167C-B328-490D-B605-8F7CE517B38F}.Debug|Any CPU.Build.0 = Debug|Any CPU
		{7602167C-B328-490D-B605-8F7CE517B38F}.Release|Any CPU.ActiveCfg = Release|Any CPU
		{7602167C-B328-490D-B605-8F7CE517B38F}.Release|Any CPU.Build.0 = Release|Any CPU
		{C5AB538F-681D-4D32-A5C2-D64708DDFCBF}.Debug|Any CPU.ActiveCfg = Debug|Any CPU
		{C5AB538F-681D-4D32-A5C2-D64708DDFCBF}.Debug|Any CPU.Build.0 = Debug|Any CPU
		{C5AB538F-681D-4D32-A5C2-D64708DDFCBF}.Release|Any CPU.ActiveCfg = Release|Any CPU
		{C5AB538F-681D-4D32-A5C2-D64708DDFCBF}.Release|Any CPU.Build.0 = Release|Any CPU
		{8B8B3F7A-564C-4069-9538-8D414DBDB426}.Debug|Any CPU.ActiveCfg = Debug|Any CPU
		{8B8B3F7A-564C-4069-9538-8D414DBDB426}.Debug|Any CPU.Build.0 = Debug|Any CPU
		{8B8B3F7A-564C-4069-9538-8D414DBDB426}.Release|Any CPU.ActiveCfg = Release|Any CPU
		{8B8B3F7A-564C-4069-9538-8D414DBDB426}.Release|Any CPU.Build.0 = Release|Any CPU
	EndGlobalSection
	GlobalSection(SolutionProperties) = preSolution
		HideSolutionNode = FALSE
	EndGlobalSection
	GlobalSection(ExtensibilityGlobals) = postSolution
		SolutionGuid = {D503E30E-1586-48B4-A6B2-594FEDD2AA00}
	EndGlobalSection
EndGlobal
