
Microsoft Visual Studio Solution File, Format Version 12.00
# Visual Studio Version 17
VisualStudioVersion = 17.7.34031.279
MinimumVisualStudioVersion = 10.0.40219.1
Project("{FAE04EC0-301F-11D3-BF4B-00C04F79EFBC}") = "01. Worms&Holes", "01. Worms&Holes\01. Worms&Holes.csproj", "{C06A50D7-A1C9-4C5A-A764-22D1A0E25835}"
EndProject
Project("{FAE04EC0-301F-11D3-BF4B-00C04F79EFBC}") = "The Gambler", "..\The Gambler\The Gambler.csproj", "{DCDB2008-3AE9-41F3-B733-961F2F2B5C74}"
EndProject
Global
	GlobalSection(SolutionConfigurationPlatforms) = preSolution
		Debug|Any CPU = Debug|Any CPU
		Release|Any CPU = Release|Any CPU
	EndGlobalSection
	GlobalSection(ProjectConfigurationPlatforms) = postSolution
		{C06A50D7-A1C9-4C5A-A764-22D1A0E25835}.Debug|Any CPU.ActiveCfg = Debug|Any CPU
		{C06A50D7-A1C9-4C5A-A764-22D1A0E25835}.Debug|Any CPU.Build.0 = Debug|Any CPU
		{C06A50D7-A1C9-4C5A-A764-22D1A0E25835}.Release|Any CPU.ActiveCfg = Release|Any CPU
		{C06A50D7-A1C9-4C5A-A764-22D1A0E25835}.Release|Any CPU.Build.0 = Release|Any CPU
		{DCDB2008-3AE9-41F3-B733-961F2F2B5C74}.Debug|Any CPU.ActiveCfg = Debug|Any CPU
		{DCDB2008-3AE9-41F3-B733-961F2F2B5C74}.Debug|Any CPU.Build.0 = Debug|Any CPU
		{DCDB2008-3AE9-41F3-B733-961F2F2B5C74}.Release|Any CPU.ActiveCfg = Release|Any CPU
		{DCDB2008-3AE9-41F3-B733-961F2F2B5C74}.Release|Any CPU.Build.0 = Release|Any CPU
	EndGlobalSection
	GlobalSection(SolutionProperties) = preSolution
		HideSolutionNode = FALSE
	EndGlobalSection
	GlobalSection(ExtensibilityGlobals) = postSolution
		SolutionGuid = {547984C4-55D7-49FA-8DAD-E9217326F2B5}
	EndGlobalSection
EndGlobal
