
Microsoft Visual Studio Solution File, Format Version 12.00
# Visual Studio Version 17
VisualStudioVersion = 17.8.34511.84
MinimumVisualStudioVersion = 10.0.40219.1
Project("{FAE04EC0-301F-11D3-BF4B-00C04F79EFBC}") = "SoftUni", "SoftUni\SoftUni.csproj", "{471C2447-C721-4FDD-9996-F737B8EAFCC4}"
EndProject
Global
	GlobalSection(SolutionConfigurationPlatforms) = preSolution
		Debug|Any CPU = Debug|Any CPU
		Release|Any CPU = Release|Any CPU
	EndGlobalSection
	GlobalSection(ProjectConfigurationPlatforms) = postSolution
		{471C2447-C721-4FDD-9996-F737B8EAFCC4}.Debug|Any CPU.ActiveCfg = Debug|Any CPU
		{471C2447-C721-4FDD-9996-F737B8EAFCC4}.Debug|Any CPU.Build.0 = Debug|Any CPU
		{471C2447-C721-4FDD-9996-F737B8EAFCC4}.Release|Any CPU.ActiveCfg = Release|Any CPU
		{471C2447-C721-4FDD-9996-F737B8EAFCC4}.Release|Any CPU.Build.0 = Release|Any CPU
	EndGlobalSection
	GlobalSection(SolutionProperties) = preSolution
		HideSolutionNode = FALSE
	EndGlobalSection
	GlobalSection(ExtensibilityGlobals) = postSolution
		SolutionGuid = {38A81CE5-5280-4E8F-AA52-5FCCDD28B34D}
	EndGlobalSection
EndGlobal
