
Microsoft Visual Studio Solution File, Format Version 12.00
# Visual Studio Version 16
VisualStudioVersion = 16.0.33328.57
MinimumVisualStudioVersion = 10.0.40219.1
Project("{FAE04EC0-301F-11D3-BF4B-00C04F79EFBC}") = "Day of Week", "Day of Week\Day of Week.csproj", "{AD6EF1D8-E1A1-4778-ADB4-CC5D3D446DC3}"
EndProject
Project("{FAE04EC0-301F-11D3-BF4B-00C04F79EFBC}") = "Print Numbers in Reverse Order", "Print Numbers in Reverse Order\Print Numbers in Reverse Order.csproj", "{2BEF0C74-1DF1-48F8-991E-F9B19B56877A}"
EndProject
Global
	GlobalSection(SolutionConfigurationPlatforms) = preSolution
		Debug|Any CPU = Debug|Any CPU
		Release|Any CPU = Release|Any CPU
	EndGlobalSection
	GlobalSection(ProjectConfigurationPlatforms) = postSolution
		{AD6EF1D8-E1A1-4778-ADB4-CC5D3D446DC3}.Debug|Any CPU.ActiveCfg = Debug|Any CPU
		{AD6EF1D8-E1A1-4778-ADB4-CC5D3D446DC3}.Debug|Any CPU.Build.0 = Debug|Any CPU
		{AD6EF1D8-E1A1-4778-ADB4-CC5D3D446DC3}.Release|Any CPU.ActiveCfg = Release|Any CPU
		{AD6EF1D8-E1A1-4778-ADB4-CC5D3D446DC3}.Release|Any CPU.Build.0 = Release|Any CPU
		{2BEF0C74-1DF1-48F8-991E-F9B19B56877A}.Debug|Any CPU.ActiveCfg = Debug|Any CPU
		{2BEF0C74-1DF1-48F8-991E-F9B19B56877A}.Debug|Any CPU.Build.0 = Debug|Any CPU
		{2BEF0C74-1DF1-48F8-991E-F9B19B56877A}.Release|Any CPU.ActiveCfg = Release|Any CPU
		{2BEF0C74-1DF1-48F8-991E-F9B19B56877A}.Release|Any CPU.Build.0 = Release|Any CPU
	EndGlobalSection
	GlobalSection(SolutionProperties) = preSolution
		HideSolutionNode = FALSE
	EndGlobalSection
	GlobalSection(ExtensibilityGlobals) = postSolution
		SolutionGuid = {B7F2A80A-4CAC-4091-A8D0-33E9D9FC2776}
	EndGlobalSection
EndGlobal
