
Microsoft Visual Studio Solution File, Format Version 12.00
# Visual Studio Version 17
VisualStudioVersion = 17.7.34031.279
MinimumVisualStudioVersion = 10.0.40219.1
Project("{FAE04EC0-301F-11D3-BF4B-00C04F79EFBC}") = "Record Unique Names", "Record Unique Names\Record Unique Names.csproj", "{7564A531-0D7F-46E3-B7EF-EFD76DA6FF2E}"
EndProject
Project("{FAE04EC0-301F-11D3-BF4B-00C04F79EFBC}") = "Parking Lot", "..\Parking Lot\Parking Lot.csproj", "{A5C7CA09-72C4-491F-8BC6-AD734AA510DC}"
EndProject
Project("{FAE04EC0-301F-11D3-BF4B-00C04F79EFBC}") = "SoftUni Party", "..\SoftUni Party\SoftUni Party.csproj", "{1A77F4E3-7BD6-45ED-AFA1-4B640879F58C}"
EndProject
Global
	GlobalSection(SolutionConfigurationPlatforms) = preSolution
		Debug|Any CPU = Debug|Any CPU
		Release|Any CPU = Release|Any CPU
	EndGlobalSection
	GlobalSection(ProjectConfigurationPlatforms) = postSolution
		{7564A531-0D7F-46E3-B7EF-EFD76DA6FF2E}.Debug|Any CPU.ActiveCfg = Debug|Any CPU
		{7564A531-0D7F-46E3-B7EF-EFD76DA6FF2E}.Debug|Any CPU.Build.0 = Debug|Any CPU
		{7564A531-0D7F-46E3-B7EF-EFD76DA6FF2E}.Release|Any CPU.ActiveCfg = Release|Any CPU
		{7564A531-0D7F-46E3-B7EF-EFD76DA6FF2E}.Release|Any CPU.Build.0 = Release|Any CPU
		{A5C7CA09-72C4-491F-8BC6-AD734AA510DC}.Debug|Any CPU.ActiveCfg = Debug|Any CPU
		{A5C7CA09-72C4-491F-8BC6-AD734AA510DC}.Debug|Any CPU.Build.0 = Debug|Any CPU
		{A5C7CA09-72C4-491F-8BC6-AD734AA510DC}.Release|Any CPU.ActiveCfg = Release|Any CPU
		{A5C7CA09-72C4-491F-8BC6-AD734AA510DC}.Release|Any CPU.Build.0 = Release|Any CPU
		{1A77F4E3-7BD6-45ED-AFA1-4B640879F58C}.Debug|Any CPU.ActiveCfg = Debug|Any CPU
		{1A77F4E3-7BD6-45ED-AFA1-4B640879F58C}.Debug|Any CPU.Build.0 = Debug|Any CPU
		{1A77F4E3-7BD6-45ED-AFA1-4B640879F58C}.Release|Any CPU.ActiveCfg = Release|Any CPU
		{1A77F4E3-7BD6-45ED-AFA1-4B640879F58C}.Release|Any CPU.Build.0 = Release|Any CPU
	EndGlobalSection
	GlobalSection(SolutionProperties) = preSolution
		HideSolutionNode = FALSE
	EndGlobalSection
	GlobalSection(ExtensibilityGlobals) = postSolution
		SolutionGuid = {E6D83561-A2E4-4CCA-AAF0-CF94128B73DE}
	EndGlobalSection
EndGlobal
